
Microsoft Visual Studio Solution File, Format Version 12.00
# Visual Studio 15
Project("{FAE04EC0-301F-11D3-BF4B-00C04F79EFBC}") = "MartinRouterKing", "Assembly-CSharp.csproj", "{52A69424-947C-8CBF-25D6-66ECE6AF07D7}"
EndProject
Project("{FAE04EC0-301F-11D3-BF4B-00C04F79EFBC}") = "MartinRouterKing", "Assembly-CSharp-Editor.csproj", "{8EB497FD-E6E7-E34F-031A-450FA33549EC}"
EndProject
Global
	GlobalSection(SolutionConfigurationPlatforms) = preSolution
		Debug|Any CPU = Debug|Any CPU
		Release|Any CPU = Release|Any CPU
	EndGlobalSection
	GlobalSection(ProjectConfigurationPlatforms) = postSolution
		{52A69424-947C-8CBF-25D6-66ECE6AF07D7}.Debug|Any CPU.ActiveCfg = Debug|Any CPU
		{52A69424-947C-8CBF-25D6-66ECE6AF07D7}.Debug|Any CPU.Build.0 = Debug|Any CPU
		{52A69424-947C-8CBF-25D6-66ECE6AF07D7}.Release|Any CPU.ActiveCfg = Release|Any CPU
		{52A69424-947C-8CBF-25D6-66ECE6AF07D7}.Release|Any CPU.Build.0 = Release|Any CPU
		{8EB497FD-E6E7-E34F-031A-450FA33549EC}.Debug|Any CPU.ActiveCfg = Debug|Any CPU
		{8EB497FD-E6E7-E34F-031A-450FA33549EC}.Debug|Any CPU.Build.0 = Debug|Any CPU
		{8EB497FD-E6E7-E34F-031A-450FA33549EC}.Release|Any CPU.ActiveCfg = Release|Any CPU
		{8EB497FD-E6E7-E34F-031A-450FA33549EC}.Release|Any CPU.Build.0 = Release|Any CPU
	EndGlobalSection
	GlobalSection(SolutionProperties) = preSolution
		HideSolutionNode = FALSE
	EndGlobalSection
EndGlobal
