
Microsoft Visual Studio Solution File, Format Version 12.00
# Visual Studio 15
Project("{FAE04EC0-301F-11D3-BF4B-00C04F79EFBC}") = "GameJamming", "Assembly-CSharp.csproj", "{AE95A164-3D2B-1280-4D67-CA834DBB72F7}"
EndProject
Project("{FAE04EC0-301F-11D3-BF4B-00C04F79EFBC}") = "GameJamming", "Assembly-CSharp-Editor.csproj", "{3756E142-DC12-E2D9-7ABF-3CF45BE7E1F9}"
EndProject
Global
	GlobalSection(SolutionConfigurationPlatforms) = preSolution
		Debug|Any CPU = Debug|Any CPU
		Release|Any CPU = Release|Any CPU
	EndGlobalSection
	GlobalSection(ProjectConfigurationPlatforms) = postSolution
		{AE95A164-3D2B-1280-4D67-CA834DBB72F7}.Debug|Any CPU.ActiveCfg = Debug|Any CPU
		{AE95A164-3D2B-1280-4D67-CA834DBB72F7}.Debug|Any CPU.Build.0 = Debug|Any CPU
		{AE95A164-3D2B-1280-4D67-CA834DBB72F7}.Release|Any CPU.ActiveCfg = Release|Any CPU
		{AE95A164-3D2B-1280-4D67-CA834DBB72F7}.Release|Any CPU.Build.0 = Release|Any CPU
		{3756E142-DC12-E2D9-7ABF-3CF45BE7E1F9}.Debug|Any CPU.ActiveCfg = Debug|Any CPU
		{3756E142-DC12-E2D9-7ABF-3CF45BE7E1F9}.Debug|Any CPU.Build.0 = Debug|Any CPU
		{3756E142-DC12-E2D9-7ABF-3CF45BE7E1F9}.Release|Any CPU.ActiveCfg = Release|Any CPU
		{3756E142-DC12-E2D9-7ABF-3CF45BE7E1F9}.Release|Any CPU.Build.0 = Release|Any CPU
	EndGlobalSection
	GlobalSection(SolutionProperties) = preSolution
		HideSolutionNode = FALSE
	EndGlobalSection
EndGlobal
